// !$*UTF8*$!
{
	archiveVersion = 1;
	classes = {
	};
	objectVersion = 50;
	objects = {

/* Begin PBXBuildFile section */
		F41CFF8B212D56F9001F63EE /* MenuDismissalAnimator.swift in Sources */ = {isa = PBXBuildFile; fileRef = F41CFF8A212D56F9001F63EE /* MenuDismissalAnimator.swift */; };
		F4B79AB6212D144D00C80EF4 /* MenuTransitioningDelegate.swift in Sources */ = {isa = PBXBuildFile; fileRef = F4B79AB5212D144D00C80EF4 /* MenuTransitioningDelegate.swift */; };
		F4B79AB9212D151500C80EF4 /* MenuPresentationController.swift in Sources */ = {isa = PBXBuildFile; fileRef = F4B79AB8212D151400C80EF4 /* MenuPresentationController.swift */; };
		F4B79ABB212D1A0D00C80EF4 /* MenuPresentationAnimator.swift in Sources */ = {isa = PBXBuildFile; fileRef = F4B79ABA212D1A0D00C80EF4 /* MenuPresentationAnimator.swift */; };
		F4CE0635212BC431003296AB /* MenuViewController.swift in Sources */ = {isa = PBXBuildFile; fileRef = F4CE0634212BC431003296AB /* MenuViewController.swift */; };
		F4CE0637212BE062003296AB /* Constants.swift in Sources */ = {isa = PBXBuildFile; fileRef = F4CE0636212BE062003296AB /* Constants.swift */; };
		F4CE0639212BF072003296AB /* UIViewController+Extension.swift in Sources */ = {isa = PBXBuildFile; fileRef = F4CE0638212BF072003296AB /* UIViewController+Extension.swift */; };
		F4CE063B212BF6EE003296AB /* Default-568h@2x.png in Resources */ = {isa = PBXBuildFile; fileRef = F4CE063A212BF6EE003296AB /* Default-568h@2x.png */; };
		F4DED0D5212A5BBC0033CB5A /* AppDelegate.swift in Sources */ = {isa = PBXBuildFile; fileRef = F4DED0D4212A5BBC0033CB5A /* AppDelegate.swift */; };
		F4DED0D7212A5BBC0033CB5A /* HomeViewController.swift in Sources */ = {isa = PBXBuildFile; fileRef = F4DED0D6212A5BBC0033CB5A /* HomeViewController.swift */; };
		F4DED0DA212A5BBC0033CB5A /* Main.storyboard in Resources */ = {isa = PBXBuildFile; fileRef = F4DED0D8212A5BBC0033CB5A /* Main.storyboard */; };
		F4DED0DC212A5BBF0033CB5A /* Assets.xcassets in Resources */ = {isa = PBXBuildFile; fileRef = F4DED0DB212A5BBF0033CB5A /* Assets.xcassets */; };
		F4DED0DF212A5BBF0033CB5A /* LaunchScreen.storyboard in Resources */ = {isa = PBXBuildFile; fileRef = F4DED0DD212A5BBF0033CB5A /* LaunchScreen.storyboard */; };
		F4DED0EA212A5BC00033CB5A /* UIPresentationControllerProject___FinalTests.swift in Sources */ = {isa = PBXBuildFile; fileRef = F4DED0E9212A5BC00033CB5A /* UIPresentationControllerProject___FinalTests.swift */; };
		F4DED0F5212A5BC00033CB5A /* UIPresentationControllerProject___FinalUITests.swift in Sources */ = {isa = PBXBuildFile; fileRef = F4DED0F4212A5BC00033CB5A /* UIPresentationControllerProject___FinalUITests.swift */; };
		F4DED103212A69A30033CB5A /* InspectableButton.swift in Sources */ = {isa = PBXBuildFile; fileRef = F4DED102212A69A30033CB5A /* InspectableButton.swift */; };
/* End PBXBuildFile section */

/* Begin PBXContainerItemProxy section */
		F4DED0E6212A5BC00033CB5A /* PBXContainerItemProxy */ = {
			isa = PBXContainerItemProxy;
			containerPortal = F4DED0C9212A5BBC0033CB5A /* Project object */;
			proxyType = 1;
			remoteGlobalIDString = F4DED0D0212A5BBC0033CB5A;
			remoteInfo = "UIPresentationControllerProject - incomplete";
		};
		F4DED0F1212A5BC00033CB5A /* PBXContainerItemProxy */ = {
			isa = PBXContainerItemProxy;
			containerPortal = F4DED0C9212A5BBC0033CB5A /* Project object */;
			proxyType = 1;
			remoteGlobalIDString = F4DED0D0212A5BBC0033CB5A;
			remoteInfo = "UIPresentationControllerProject - incomplete";
		};
/* End PBXContainerItemProxy section */

/* Begin PBXFileReference section */
		F41CFF8A212D56F9001F63EE /* MenuDismissalAnimator.swift */ = {isa = PBXFileReference; lastKnownFileType = sourcecode.swift; path = MenuDismissalAnimator.swift; sourceTree = "<group>"; };
		F4B79AB5212D144D00C80EF4 /* MenuTransitioningDelegate.swift */ = {isa = PBXFileReference; lastKnownFileType = sourcecode.swift; path = MenuTransitioningDelegate.swift; sourceTree = "<group>"; };
		F4B79AB8212D151400C80EF4 /* MenuPresentationController.swift */ = {isa = PBXFileReference; lastKnownFileType = sourcecode.swift; path = MenuPresentationController.swift; sourceTree = "<group>"; };
		F4B79ABA212D1A0D00C80EF4 /* MenuPresentationAnimator.swift */ = {isa = PBXFileReference; lastKnownFileType = sourcecode.swift; path = MenuPresentationAnimator.swift; sourceTree = "<group>"; };
		F4CE0634212BC431003296AB /* MenuViewController.swift */ = {isa = PBXFileReference; lastKnownFileType = sourcecode.swift; path = MenuViewController.swift; sourceTree = "<group>"; };
		F4CE0636212BE062003296AB /* Constants.swift */ = {isa = PBXFileReference; lastKnownFileType = sourcecode.swift; path = Constants.swift; sourceTree = "<group>"; };
		F4CE0638212BF072003296AB /* UIViewController+Extension.swift */ = {isa = PBXFileReference; lastKnownFileType = sourcecode.swift; path = "UIViewController+Extension.swift"; sourceTree = "<group>"; };
		F4CE063A212BF6EE003296AB /* Default-568h@2x.png */ = {isa = PBXFileReference; lastKnownFileType = image.png; path = "Default-568h@2x.png"; sourceTree = "<group>"; };
		F4DED0D1212A5BBC0033CB5A /* UIPresentationControllerProject - Final.app */ = {isa = PBXFileReference; explicitFileType = wrapper.application; includeInIndex = 0; path = "UIPresentationControllerProject - Final.app"; sourceTree = BUILT_PRODUCTS_DIR; };
		F4DED0D4212A5BBC0033CB5A /* AppDelegate.swift */ = {isa = PBXFileReference; lastKnownFileType = sourcecode.swift; path = AppDelegate.swift; sourceTree = "<group>"; };
		F4DED0D6212A5BBC0033CB5A /* HomeViewController.swift */ = {isa = PBXFileReference; lastKnownFileType = sourcecode.swift; path = HomeViewController.swift; sourceTree = "<group>"; };
		F4DED0D9212A5BBC0033CB5A /* Base */ = {isa = PBXFileReference; lastKnownFileType = file.storyboard; name = Base; path = Base.lproj/Main.storyboard; sourceTree = "<group>"; };
		F4DED0DB212A5BBF0033CB5A /* Assets.xcassets */ = {isa = PBXFileReference; lastKnownFileType = folder.assetcatalog; path = Assets.xcassets; sourceTree = "<group>"; };
		F4DED0DE212A5BBF0033CB5A /* Base */ = {isa = PBXFileReference; lastKnownFileType = file.storyboard; name = Base; path = Base.lproj/LaunchScreen.storyboard; sourceTree = "<group>"; };
		F4DED0E0212A5BBF0033CB5A /* Info.plist */ = {isa = PBXFileReference; lastKnownFileType = text.plist.xml; path = Info.plist; sourceTree = "<group>"; };
		F4DED0E5212A5BBF0033CB5A /* UIPresentationControllerProject - FinalTests.xctest */ = {isa = PBXFileReference; explicitFileType = wrapper.cfbundle; includeInIndex = 0; path = "UIPresentationControllerProject - FinalTests.xctest"; sourceTree = BUILT_PRODUCTS_DIR; };
		F4DED0E9212A5BC00033CB5A /* UIPresentationControllerProject___FinalTests.swift */ = {isa = PBXFileReference; lastKnownFileType = sourcecode.swift; path = "UIPresentationControllerProject___FinalTests.swift"; sourceTree = "<group>"; };
		F4DED0EB212A5BC00033CB5A /* Info.plist */ = {isa = PBXFileReference; lastKnownFileType = text.plist.xml; path = Info.plist; sourceTree = "<group>"; };
		F4DED0F0212A5BC00033CB5A /* UIPresentationControllerProject - FinalUITests.xctest */ = {isa = PBXFileReference; explicitFileType = wrapper.cfbundle; includeInIndex = 0; path = "UIPresentationControllerProject - FinalUITests.xctest"; sourceTree = BUILT_PRODUCTS_DIR; };
		F4DED0F4212A5BC00033CB5A /* UIPresentationControllerProject___FinalUITests.swift */ = {isa = PBXFileReference; lastKnownFileType = sourcecode.swift; path = "UIPresentationControllerProject___FinalUITests.swift"; sourceTree = "<group>"; };
		F4DED0F6212A5BC00033CB5A /* Info.plist */ = {isa = PBXFileReference; lastKnownFileType = text.plist.xml; path = Info.plist; sourceTree = "<group>"; };
		F4DED102212A69A30033CB5A /* InspectableButton.swift */ = {isa = PBXFileReference; lastKnownFileType = sourcecode.swift; path = InspectableButton.swift; sourceTree = "<group>"; };
/* End PBXFileReference section */

/* Begin PBXFrameworksBuildPhase section */
		F4DED0CE212A5BBC0033CB5A /* Frameworks */ = {
			isa = PBXFrameworksBuildPhase;
			buildActionMask = 2147483647;
			files = (
			);
			runOnlyForDeploymentPostprocessing = 0;
		};
		F4DED0E2212A5BBF0033CB5A /* Frameworks */ = {
			isa = PBXFrameworksBuildPhase;
			buildActionMask = 2147483647;
			files = (
			);
			runOnlyForDeploymentPostprocessing = 0;
		};
		F4DED0ED212A5BC00033CB5A /* Frameworks */ = {
			isa = PBXFrameworksBuildPhase;
			buildActionMask = 2147483647;
			files = (
			);
			runOnlyForDeploymentPostprocessing = 0;
		};
/* End PBXFrameworksBuildPhase section */

/* Begin PBXGroup section */
		F41CFF8C212D6B50001F63EE /* View */ = {
			isa = PBXGroup;
			children = (
				F4DED102212A69A30033CB5A /* InspectableButton.swift */,
			);
			path = View;
			sourceTree = "<group>";
		};
		F41CFF8D212D6B65001F63EE /* Storyboard */ = {
			isa = PBXGroup;
			children = (
				F4DED0DD212A5BBF0033CB5A /* LaunchScreen.storyboard */,
				F4DED0D8212A5BBC0033CB5A /* Main.storyboard */,
			);
			path = Storyboard;
			sourceTree = "<group>";
		};
		F41CFF8E212D6B7E001F63EE /* View Controllers */ = {
			isa = PBXGroup;
			children = (
				F4B79AB7212D146400C80EF4 /* Presentation Controllers */,
				F4DED0D6212A5BBC0033CB5A /* HomeViewController.swift */,
				F4CE0634212BC431003296AB /* MenuViewController.swift */,
			);
			path = "View Controllers";
			sourceTree = "<group>";
		};
		F41CFF8F212D6B93001F63EE /* Model */ = {
			isa = PBXGroup;
			children = (
				F4CE0636212BE062003296AB /* Constants.swift */,
				F4CE0638212BF072003296AB /* UIViewController+Extension.swift */,
			);
			path = Model;
			sourceTree = "<group>";
		};
		F4B79AB7212D146400C80EF4 /* Presentation Controllers */ = {
			isa = PBXGroup;
			children = (
				F4B79AB5212D144D00C80EF4 /* MenuTransitioningDelegate.swift */,
				F4B79AB8212D151400C80EF4 /* MenuPresentationController.swift */,
				F4B79ABA212D1A0D00C80EF4 /* MenuPresentationAnimator.swift */,
				F41CFF8A212D56F9001F63EE /* MenuDismissalAnimator.swift */,
			);
			path = "Presentation Controllers";
			sourceTree = "<group>";
		};
		F4DED0C8212A5BBC0033CB5A = {
			isa = PBXGroup;
			children = (
				F4CE063A212BF6EE003296AB /* Default-568h@2x.png */,
				F4DED0D3212A5BBC0033CB5A /* UIPresentationControllerProject - Final */,
				F4DED0E8212A5BC00033CB5A /* UIPresentationControllerProject - FinalTests */,
				F4DED0F3212A5BC00033CB5A /* UIPresentationControllerProject - FinalUITests */,
				F4DED0D2212A5BBC0033CB5A /* Products */,
			);
			sourceTree = "<group>";
		};
		F4DED0D2212A5BBC0033CB5A /* Products */ = {
			isa = PBXGroup;
			children = (
				F4DED0D1212A5BBC0033CB5A /* UIPresentationControllerProject - Final.app */,
				F4DED0E5212A5BBF0033CB5A /* UIPresentationControllerProject - FinalTests.xctest */,
				F4DED0F0212A5BC00033CB5A /* UIPresentationControllerProject - FinalUITests.xctest */,
			);
			name = Products;
			sourceTree = "<group>";
		};
		F4DED0D3212A5BBC0033CB5A /* UIPresentationControllerProject - Final */ = {
			isa = PBXGroup;
			children = (
				F4DED0D4212A5BBC0033CB5A /* AppDelegate.swift */,
				F41CFF8E212D6B7E001F63EE /* View Controllers */,
				F41CFF8F212D6B93001F63EE /* Model */,
				F41CFF8C212D6B50001F63EE /* View */,
				F41CFF8D212D6B65001F63EE /* Storyboard */,
				F4DED0E0212A5BBF0033CB5A /* Info.plist */,
				F4DED0DB212A5BBF0033CB5A /* Assets.xcassets */,
			);
			path = "UIPresentationControllerProject - Final";
			sourceTree = "<group>";
		};
		F4DED0E8212A5BC00033CB5A /* UIPresentationControllerProject - FinalTests */ = {
			isa = PBXGroup;
			children = (
				F4DED0E9212A5BC00033CB5A /* UIPresentationControllerProject___FinalTests.swift */,
				F4DED0EB212A5BC00033CB5A /* Info.plist */,
			);
			path = "UIPresentationControllerProject - FinalTests";
			sourceTree = "<group>";
		};
		F4DED0F3212A5BC00033CB5A /* UIPresentationControllerProject - FinalUITests */ = {
			isa = PBXGroup;
			children = (
				F4DED0F4212A5BC00033CB5A /* UIPresentationControllerProject___FinalUITests.swift */,
				F4DED0F6212A5BC00033CB5A /* Info.plist */,
			);
			path = "UIPresentationControllerProject - FinalUITests";
			sourceTree = "<group>";
		};
/* End PBXGroup section */

/* Begin PBXNativeTarget section */
		F4DED0D0212A5BBC0033CB5A /* UIPresentationControllerProject - Final */ = {
			isa = PBXNativeTarget;
			buildConfigurationList = F4DED0F9212A5BC00033CB5A /* Build configuration list for PBXNativeTarget "UIPresentationControllerProject - Final" */;
			buildPhases = (
				F4DED0CD212A5BBC0033CB5A /* Sources */,
				F4DED0CE212A5BBC0033CB5A /* Frameworks */,
				F4DED0CF212A5BBC0033CB5A /* Resources */,
			);
			buildRules = (
			);
			dependencies = (
			);
			name = "UIPresentationControllerProject - Final";
			productName = "UIPresentationControllerProject - incomplete";
			productReference = F4DED0D1212A5BBC0033CB5A /* UIPresentationControllerProject - Final.app */;
			productType = "com.apple.product-type.application";
		};
		F4DED0E4212A5BBF0033CB5A /* UIPresentationControllerProject - FinalTests */ = {
			isa = PBXNativeTarget;
			buildConfigurationList = F4DED0FC212A5BC00033CB5A /* Build configuration list for PBXNativeTarget "UIPresentationControllerProject - FinalTests" */;
			buildPhases = (
				F4DED0E1212A5BBF0033CB5A /* Sources */,
				F4DED0E2212A5BBF0033CB5A /* Frameworks */,
				F4DED0E3212A5BBF0033CB5A /* Resources */,
			);
			buildRules = (
			);
			dependencies = (
				F4DED0E7212A5BC00033CB5A /* PBXTargetDependency */,
			);
			name = "UIPresentationControllerProject - FinalTests";
			productName = "UIPresentationControllerProject - incompleteTests";
			productReference = F4DED0E5212A5BBF0033CB5A /* UIPresentationControllerProject - FinalTests.xctest */;
			productType = "com.apple.product-type.bundle.unit-test";
		};
		F4DED0EF212A5BC00033CB5A /* UIPresentationControllerProject - FinalUITests */ = {
			isa = PBXNativeTarget;
			buildConfigurationList = F4DED0FF212A5BC00033CB5A /* Build configuration list for PBXNativeTarget "UIPresentationControllerProject - FinalUITests" */;
			buildPhases = (
				F4DED0EC212A5BC00033CB5A /* Sources */,
				F4DED0ED212A5BC00033CB5A /* Frameworks */,
				F4DED0EE212A5BC00033CB5A /* Resources */,
			);
			buildRules = (
			);
			dependencies = (
				F4DED0F2212A5BC00033CB5A /* PBXTargetDependency */,
			);
			name = "UIPresentationControllerProject - FinalUITests";
			productName = "UIPresentationControllerProject - incompleteUITests";
			productReference = F4DED0F0212A5BC00033CB5A /* UIPresentationControllerProject - FinalUITests.xctest */;
			productType = "com.apple.product-type.bundle.ui-testing";
		};
/* End PBXNativeTarget section */

/* Begin PBXProject section */
		F4DED0C9212A5BBC0033CB5A /* Project object */ = {
			isa = PBXProject;
			attributes = {
				LastSwiftUpdateCheck = 0940;
				LastUpgradeCheck = 0940;
				ORGANIZATIONNAME = "Mark Tapia";
				TargetAttributes = {
					F4DED0D0212A5BBC0033CB5A = {
						CreatedOnToolsVersion = 9.4.1;
					};
					F4DED0E4212A5BBF0033CB5A = {
						CreatedOnToolsVersion = 9.4.1;
						TestTargetID = F4DED0D0212A5BBC0033CB5A;
					};
					F4DED0EF212A5BC00033CB5A = {
						CreatedOnToolsVersion = 9.4.1;
						TestTargetID = F4DED0D0212A5BBC0033CB5A;
					};
				};
			};
			buildConfigurationList = F4DED0CC212A5BBC0033CB5A /* Build configuration list for PBXProject "UIPresentationControllerProject - Final" */;
			compatibilityVersion = "Xcode 9.3";
			developmentRegion = en;
			hasScannedForEncodings = 0;
			knownRegions = (
				en,
				Base,
			);
			mainGroup = F4DED0C8212A5BBC0033CB5A;
			productRefGroup = F4DED0D2212A5BBC0033CB5A /* Products */;
			projectDirPath = "";
			projectRoot = "";
			targets = (
				F4DED0D0212A5BBC0033CB5A /* UIPresentationControllerProject - Final */,
				F4DED0E4212A5BBF0033CB5A /* UIPresentationControllerProject - FinalTests */,
				F4DED0EF212A5BC00033CB5A /* UIPresentationControllerProject - FinalUITests */,
			);
		};
/* End PBXProject section */

/* Begin PBXResourcesBuildPhase section */
		F4DED0CF212A5BBC0033CB5A /* Resources */ = {
			isa = PBXResourcesBuildPhase;
			buildActionMask = 2147483647;
			files = (
				F4DED0DF212A5BBF0033CB5A /* LaunchScreen.storyboard in Resources */,
				F4CE063B212BF6EE003296AB /* Default-568h@2x.png in Resources */,
				F4DED0DC212A5BBF0033CB5A /* Assets.xcassets in Resources */,
				F4DED0DA212A5BBC0033CB5A /* Main.storyboard in Resources */,
			);
			runOnlyForDeploymentPostprocessing = 0;
		};
		F4DED0E3212A5BBF0033CB5A /* Resources */ = {
			isa = PBXResourcesBuildPhase;
			buildActionMask = 2147483647;
			files = (
			);
			runOnlyForDeploymentPostprocessing = 0;
		};
		F4DED0EE212A5BC00033CB5A /* Resources */ = {
			isa = PBXResourcesBuildPhase;
			buildActionMask = 2147483647;
			files = (
			);
			runOnlyForDeploymentPostprocessing = 0;
		};
/* End PBXResourcesBuildPhase section */

/* Begin PBXSourcesBuildPhase section */
		F4DED0CD212A5BBC0033CB5A /* Sources */ = {
			isa = PBXSourcesBuildPhase;
			buildActionMask = 2147483647;
			files = (
				F4B79AB9212D151500C80EF4 /* MenuPresentationController.swift in Sources */,
				F4CE0639212BF072003296AB /* UIViewController+Extension.swift in Sources */,
				F4CE0637212BE062003296AB /* Constants.swift in Sources */,
				F4DED0D7212A5BBC0033CB5A /* HomeViewController.swift in Sources */,
				F4DED0D5212A5BBC0033CB5A /* AppDelegate.swift in Sources */,
				F4B79AB6212D144D00C80EF4 /* MenuTransitioningDelegate.swift in Sources */,
				F4DED103212A69A30033CB5A /* InspectableButton.swift in Sources */,
				F4B79ABB212D1A0D00C80EF4 /* MenuPresentationAnimator.swift in Sources */,
				F4CE0635212BC431003296AB /* MenuViewController.swift in Sources */,
				F41CFF8B212D56F9001F63EE /* MenuDismissalAnimator.swift in Sources */,
			);
			runOnlyForDeploymentPostprocessing = 0;
		};
		F4DED0E1212A5BBF0033CB5A /* Sources */ = {
			isa = PBXSourcesBuildPhase;
			buildActionMask = 2147483647;
			files = (
				F4DED0EA212A5BC00033CB5A /* UIPresentationControllerProject___FinalTests.swift in Sources */,
			);
			runOnlyForDeploymentPostprocessing = 0;
		};
		F4DED0EC212A5BC00033CB5A /* Sources */ = {
			isa = PBXSourcesBuildPhase;
			buildActionMask = 2147483647;
			files = (
				F4DED0F5212A5BC00033CB5A /* UIPresentationControllerProject___FinalUITests.swift in Sources */,
			);
			runOnlyForDeploymentPostprocessing = 0;
		};
/* End PBXSourcesBuildPhase section */

/* Begin PBXTargetDependency section */
		F4DED0E7212A5BC00033CB5A /* PBXTargetDependency */ = {
			isa = PBXTargetDependency;
			target = F4DED0D0212A5BBC0033CB5A /* UIPresentationControllerProject - Final */;
			targetProxy = F4DED0E6212A5BC00033CB5A /* PBXContainerItemProxy */;
		};
		F4DED0F2212A5BC00033CB5A /* PBXTargetDependency */ = {
			isa = PBXTargetDependency;
			target = F4DED0D0212A5BBC0033CB5A /* UIPresentationControllerProject - Final */;
			targetProxy = F4DED0F1212A5BC00033CB5A /* PBXContainerItemProxy */;
		};
/* End PBXTargetDependency section */

/* Begin PBXVariantGroup section */
		F4DED0D8212A5BBC0033CB5A /* Main.storyboard */ = {
			isa = PBXVariantGroup;
			children = (
				F4DED0D9212A5BBC0033CB5A /* Base */,
			);
			name = Main.storyboard;
			sourceTree = "<group>";
		};
		F4DED0DD212A5BBF0033CB5A /* LaunchScreen.storyboard */ = {
			isa = PBXVariantGroup;
			children = (
				F4DED0DE212A5BBF0033CB5A /* Base */,
			);
			name = LaunchScreen.storyboard;
			sourceTree = "<group>";
		};
/* End PBXVariantGroup section */

/* Begin XCBuildConfiguration section */
		F4DED0F7212A5BC00033CB5A /* Debug */ = {
			isa = XCBuildConfiguration;
			buildSettings = {
				ALWAYS_SEARCH_USER_PATHS = NO;
				CLANG_ANALYZER_NONNULL = YES;
				CLANG_ANALYZER_NUMBER_OBJECT_CONVERSION = YES_AGGRESSIVE;
				CLANG_CXX_LANGUAGE_STANDARD = "gnu++14";
				CLANG_CXX_LIBRARY = "libc++";
				CLANG_ENABLE_MODULES = YES;
				CLANG_ENABLE_OBJC_ARC = YES;
				CLANG_ENABLE_OBJC_WEAK = YES;
				CLANG_WARN_BLOCK_CAPTURE_AUTORELEASING = YES;
				CLANG_WARN_BOOL_CONVERSION = YES;
				CLANG_WARN_COMMA = YES;
				CLANG_WARN_CONSTANT_CONVERSION = YES;
				CLANG_WARN_DEPRECATED_OBJC_IMPLEMENTATIONS = YES;
				CLANG_WARN_DIRECT_OBJC_ISA_USAGE = YES_ERROR;
				CLANG_WARN_DOCUMENTATION_COMMENTS = YES;
				CLANG_WARN_EMPTY_BODY = YES;
				CLANG_WARN_ENUM_CONVERSION = YES;
				CLANG_WARN_INFINITE_RECURSION = YES;
				CLANG_WARN_INT_CONVERSION = YES;
				CLANG_WARN_NON_LITERAL_NULL_CONVERSION = YES;
				CLANG_WARN_OBJC_IMPLICIT_RETAIN_SELF = YES;
				CLANG_WARN_OBJC_LITERAL_CONVERSION = YES;
				CLANG_WARN_OBJC_ROOT_CLASS = YES_ERROR;
				CLANG_WARN_RANGE_LOOP_ANALYSIS = YES;
				CLANG_WARN_STRICT_PROTOTYPES = YES;
				CLANG_WARN_SUSPICIOUS_MOVE = YES;
				CLANG_WARN_UNGUARDED_AVAILABILITY = YES_AGGRESSIVE;
				CLANG_WARN_UNREACHABLE_CODE = YES;
				CLANG_WARN__DUPLICATE_METHOD_MATCH = YES;
				CODE_SIGN_IDENTITY = "iPhone Developer";
				COPY_PHASE_STRIP = NO;
				DEBUG_INFORMATION_FORMAT = dwarf;
				ENABLE_STRICT_OBJC_MSGSEND = YES;
				ENABLE_TESTABILITY = YES;
				GCC_C_LANGUAGE_STANDARD = gnu11;
				GCC_DYNAMIC_NO_PIC = NO;
				GCC_NO_COMMON_BLOCKS = YES;
				GCC_OPTIMIZATION_LEVEL = 0;
				GCC_PREPROCESSOR_DEFINITIONS = (
					"DEBUG=1",
					"$(inherited)",
				);
				GCC_WARN_64_TO_32_BIT_CONVERSION = YES;
				GCC_WARN_ABOUT_RETURN_TYPE = YES_ERROR;
				GCC_WARN_UNDECLARED_SELECTOR = YES;
				GCC_WARN_UNINITIALIZED_AUTOS = YES_AGGRESSIVE;
				GCC_WARN_UNUSED_FUNCTION = YES;
				GCC_WARN_UNUSED_VARIABLE = YES;
				IPHONEOS_DEPLOYMENT_TARGET = 11.4;
				MTL_ENABLE_DEBUG_INFO = YES;
				ONLY_ACTIVE_ARCH = YES;
				SDKROOT = iphoneos;
				SWIFT_ACTIVE_COMPILATION_CONDITIONS = DEBUG;
				SWIFT_OPTIMIZATION_LEVEL = "-Onone";
			};
			name = Debug;
		};
		F4DED0F8212A5BC00033CB5A /* Release */ = {
			isa = XCBuildConfiguration;
			buildSettings = {
				ALWAYS_SEARCH_USER_PATHS = NO;
				CLANG_ANALYZER_NONNULL = YES;
				CLANG_ANALYZER_NUMBER_OBJECT_CONVERSION = YES_AGGRESSIVE;
				CLANG_CXX_LANGUAGE_STANDARD = "gnu++14";
				CLANG_CXX_LIBRARY = "libc++";
				CLANG_ENABLE_MODULES = YES;
				CLANG_ENABLE_OBJC_ARC = YES;
				CLANG_ENABLE_OBJC_WEAK = YES;
				CLANG_WARN_BLOCK_CAPTURE_AUTORELEASING = YES;
				CLANG_WARN_BOOL_CONVERSION = YES;
				CLANG_WARN_COMMA = YES;
				CLANG_WARN_CONSTANT_CONVERSION = YES;
				CLANG_WARN_DEPRECATED_OBJC_IMPLEMENTATIONS = YES;
				CLANG_WARN_DIRECT_OBJC_ISA_USAGE = YES_ERROR;
				CLANG_WARN_DOCUMENTATION_COMMENTS = YES;
				CLANG_WARN_EMPTY_BODY = YES;
				CLANG_WARN_ENUM_CONVERSION = YES;
				CLANG_WARN_INFINITE_RECURSION = YES;
				CLANG_WARN_INT_CONVERSION = YES;
				CLANG_WARN_NON_LITERAL_NULL_CONVERSION = YES;
				CLANG_WARN_OBJC_IMPLICIT_RETAIN_SELF = YES;
				CLANG_WARN_OBJC_LITERAL_CONVERSION = YES;
				CLANG_WARN_OBJC_ROOT_CLASS = YES_ERROR;
				CLANG_WARN_RANGE_LOOP_ANALYSIS = YES;
				CLANG_WARN_STRICT_PROTOTYPES = YES;
				CLANG_WARN_SUSPICIOUS_MOVE = YES;
				CLANG_WARN_UNGUARDED_AVAILABILITY = YES_AGGRESSIVE;
				CLANG_WARN_UNREACHABLE_CODE = YES;
				CLANG_WARN__DUPLICATE_METHOD_MATCH = YES;
				CODE_SIGN_IDENTITY = "iPhone Developer";
				COPY_PHASE_STRIP = NO;
				DEBUG_INFORMATION_FORMAT = "dwarf-with-dsym";
				ENABLE_NS_ASSERTIONS = NO;
				ENABLE_STRICT_OBJC_MSGSEND = YES;
				GCC_C_LANGUAGE_STANDARD = gnu11;
				GCC_NO_COMMON_BLOCKS = YES;
				GCC_WARN_64_TO_32_BIT_CONVERSION = YES;
				GCC_WARN_ABOUT_RETURN_TYPE = YES_ERROR;
				GCC_WARN_UNDECLARED_SELECTOR = YES;
				GCC_WARN_UNINITIALIZED_AUTOS = YES_AGGRESSIVE;
				GCC_WARN_UNUSED_FUNCTION = YES;
				GCC_WARN_UNUSED_VARIABLE = YES;
				IPHONEOS_DEPLOYMENT_TARGET = 11.4;
				MTL_ENABLE_DEBUG_INFO = NO;
				SDKROOT = iphoneos;
				SWIFT_COMPILATION_MODE = wholemodule;
				SWIFT_OPTIMIZATION_LEVEL = "-O";
				VALIDATE_PRODUCT = YES;
			};
			name = Release;
		};
		F4DED0FA212A5BC00033CB5A /* Debug */ = {
			isa = XCBuildConfiguration;
			buildSettings = {
				ASSETCATALOG_COMPILER_APPICON_NAME = AppIcon;
				CODE_SIGN_STYLE = Automatic;
				DEVELOPMENT_TEAM = CGABW4X2P7;
				INFOPLIST_FILE = "$(SRCROOT)/UIPresentationControllerProject - Final/Info.plist";
				LD_RUNPATH_SEARCH_PATHS = (
					"$(inherited)",
					"@executable_path/Frameworks",
				);
				PRODUCT_BUNDLE_IDENTIFIER = "mdtaps.UIPresentationControllerProject---Final";
				PRODUCT_NAME = "$(TARGET_NAME)";
				SWIFT_VERSION = 4.0;
				TARGETED_DEVICE_FAMILY = "1,2";
			};
			name = Debug;
		};
		F4DED0FB212A5BC00033CB5A /* Release */ = {
			isa = XCBuildConfiguration;
			buildSettings = {
				ASSETCATALOG_COMPILER_APPICON_NAME = AppIcon;
				CODE_SIGN_STYLE = Automatic;
				DEVELOPMENT_TEAM = CGABW4X2P7;
				INFOPLIST_FILE = "$(SRCROOT)/UIPresentationControllerProject - Final/Info.plist";
				LD_RUNPATH_SEARCH_PATHS = (
					"$(inherited)",
					"@executable_path/Frameworks",
				);
				PRODUCT_BUNDLE_IDENTIFIER = "mdtaps.UIPresentationControllerProject---Final";
				PRODUCT_NAME = "$(TARGET_NAME)";
				SWIFT_VERSION = 4.0;
				TARGETED_DEVICE_FAMILY = "1,2";
			};
			name = Release;
		};
		F4DED0FD212A5BC00033CB5A /* Debug */ = {
			isa = XCBuildConfiguration;
			buildSettings = {
				ALWAYS_EMBED_SWIFT_STANDARD_LIBRARIES = YES;
				BUNDLE_LOADER = "$(TEST_HOST)";
				CODE_SIGN_STYLE = Automatic;
				DEVELOPMENT_TEAM = CGABW4X2P7;
				INFOPLIST_FILE = "UIPresentationControllerProject - incompleteTests/Info.plist";
				LD_RUNPATH_SEARCH_PATHS = (
					"$(inherited)",
					"@executable_path/Frameworks",
					"@loader_path/Frameworks",
				);
				PRODUCT_BUNDLE_IDENTIFIER = "mdtaps.UIPresentationControllerProject---incompleteTests";
				PRODUCT_NAME = "$(TARGET_NAME)";
				SWIFT_VERSION = 4.0;
				TARGETED_DEVICE_FAMILY = "1,2";
				TEST_HOST = "$(BUILT_PRODUCTS_DIR)/UIPresentationControllerProject - Final.app/UIPresentationControllerProject - Final";
			};
			name = Debug;
		};
		F4DED0FE212A5BC00033CB5A /* Release */ = {
			isa = XCBuildConfiguration;
			buildSettings = {
				ALWAYS_EMBED_SWIFT_STANDARD_LIBRARIES = YES;
				BUNDLE_LOADER = "$(TEST_HOST)";
				CODE_SIGN_STYLE = Automatic;
				DEVELOPMENT_TEAM = CGABW4X2P7;
				INFOPLIST_FILE = "UIPresentationControllerProject - incompleteTests/Info.plist";
				LD_RUNPATH_SEARCH_PATHS = (
					"$(inherited)",
					"@executable_path/Frameworks",
					"@loader_path/Frameworks",
				);
				PRODUCT_BUNDLE_IDENTIFIER = "mdtaps.UIPresentationControllerProject---incompleteTests";
				PRODUCT_NAME = "$(TARGET_NAME)";
				SWIFT_VERSION = 4.0;
				TARGETED_DEVICE_FAMILY = "1,2";
				TEST_HOST = "$(BUILT_PRODUCTS_DIR)/UIPresentationControllerProject - Final.app/UIPresentationControllerProject - Final";
			};
			name = Release;
		};
		F4DED100212A5BC00033CB5A /* Debug */ = {
			isa = XCBuildConfiguration;
			buildSettings = {
				ALWAYS_EMBED_SWIFT_STANDARD_LIBRARIES = YES;
				CODE_SIGN_STYLE = Automatic;
				DEVELOPMENT_TEAM = CGABW4X2P7;
				INFOPLIST_FILE = "UIPresentationControllerProject - incompleteUITests/Info.plist";
				LD_RUNPATH_SEARCH_PATHS = (
					"$(inherited)",
					"@executable_path/Frameworks",
					"@loader_path/Frameworks",
				);
				PRODUCT_BUNDLE_IDENTIFIER = "mdtaps.UIPresentationControllerProject---incompleteUITests";
				PRODUCT_NAME = "$(TARGET_NAME)";
				SWIFT_VERSION = 4.0;
				TARGETED_DEVICE_FAMILY = "1,2";
				TEST_TARGET_NAME = "UIPresentationControllerProject - incomplete";
			};
			name = Debug;
		};
		F4DED101212A5BC00033CB5A /* Release */ = {
			isa = XCBuildConfiguration;
			buildSettings = {
				ALWAYS_EMBED_SWIFT_STANDARD_LIBRARIES = YES;
				CODE_SIGN_STYLE = Automatic;
				DEVELOPMENT_TEAM = CGABW4X2P7;
				INFOPLIST_FILE = "UIPresentationControllerProject - incompleteUITests/Info.plist";
				LD_RUNPATH_SEARCH_PATHS = (
					"$(inherited)",
					"@executable_path/Frameworks",
					"@loader_path/Frameworks",
				);
				PRODUCT_BUNDLE_IDENTIFIER = "mdtaps.UIPresentationControllerProject---incompleteUITests";
				PRODUCT_NAME = "$(TARGET_NAME)";
				SWIFT_VERSION = 4.0;
				TARGETED_DEVICE_FAMILY = "1,2";
				TEST_TARGET_NAME = "UIPresentationControllerProject - incomplete";
			};
			name = Release;
		};
/* End XCBuildConfiguration section */

/* Begin XCConfigurationList section */
		F4DED0CC212A5BBC0033CB5A /* Build configuration list for PBXProject "UIPresentationControllerProject - Final" */ = {
			isa = XCConfigurationList;
			buildConfigurations = (
				F4DED0F7212A5BC00033CB5A /* Debug */,
				F4DED0F8212A5BC00033CB5A /* Release */,
			);
			defaultConfigurationIsVisible = 0;
			defaultConfigurationName = Release;
		};
		F4DED0F9212A5BC00033CB5A /* Build configuration list for PBXNativeTarget "UIPresentationControllerProject - Final" */ = {
			isa = XCConfigurationList;
			buildConfigurations = (
				F4DED0FA212A5BC00033CB5A /* Debug */,
				F4DED0FB212A5BC00033CB5A /* Release */,
			);
			defaultConfigurationIsVisible = 0;
			defaultConfigurationName = Release;
		};
		F4DED0FC212A5BC00033CB5A /* Build configuration list for PBXNativeTarget "UIPresentationControllerProject - FinalTests" */ = {
			isa = XCConfigurationList;
			buildConfigurations = (
				F4DED0FD212A5BC00033CB5A /* Debug */,
				F4DED0FE212A5BC00033CB5A /* Release */,
			);
			defaultConfigurationIsVisible = 0;
			defaultConfigurationName = Release;
		};
		F4DED0FF212A5BC00033CB5A /* Build configuration list for PBXNativeTarget "UIPresentationControllerProject - FinalUITests" */ = {
			isa = XCConfigurationList;
			buildConfigurations = (
				F4DED100212A5BC00033CB5A /* Debug */,
				F4DED101212A5BC00033CB5A /* Release */,
			);
			defaultConfigurationIsVisible = 0;
			defaultConfigurationName = Release;
		};
/* End XCConfigurationList section */
	};
	rootObject = F4DED0C9212A5BBC0033CB5A /* Project object */;
}
